
Microsoft Visual Studio Solution File, Format Version 12.00
# Visual Studio Version 16
VisualStudioVersion = 16.0.31129.286
MinimumVisualStudioVersion = 10.0.40219.1
Project("{FAE04EC0-301F-11D3-BF4B-00C04F79EFBC}") = "Practices", "Practices\Practices.csproj", "{9BBA4F57-7D15-48DB-9555-0FA4579A98C3}"
EndProject
Project("{FAE04EC0-301F-11D3-BF4B-00C04F79EFBC}") = "Practices.Tests", "Practices.Tests\Practices.Tests.csproj", "{0E45505E-4812-494E-A598-D8FBFD11837A}"
EndProject
Global
	GlobalSection(SolutionConfigurationPlatforms) = preSolution
		Debug|Any CPU = Debug|Any CPU
		Release|Any CPU = Release|Any CPU
	EndGlobalSection
	GlobalSection(ProjectConfigurationPlatforms) = postSolution
		{9BBA4F57-7D15-48DB-9555-0FA4579A98C3}.Debug|Any CPU.ActiveCfg = Debug|Any CPU
		{9BBA4F57-7D15-48DB-9555-0FA4579A98C3}.Debug|Any CPU.Build.0 = Debug|Any CPU
		{9BBA4F57-7D15-48DB-9555-0FA4579A98C3}.Release|Any CPU.ActiveCfg = Release|Any CPU
		{9BBA4F57-7D15-48DB-9555-0FA4579A98C3}.Release|Any CPU.Build.0 = Release|Any CPU
		{0E45505E-4812-494E-A598-D8FBFD11837A}.Debug|Any CPU.ActiveCfg = Debug|Any CPU
		{0E45505E-4812-494E-A598-D8FBFD11837A}.Debug|Any CPU.Build.0 = Debug|Any CPU
		{0E45505E-4812-494E-A598-D8FBFD11837A}.Release|Any CPU.ActiveCfg = Release|Any CPU
		{0E45505E-4812-494E-A598-D8FBFD11837A}.Release|Any CPU.Build.0 = Release|Any CPU
	EndGlobalSection
	GlobalSection(SolutionProperties) = preSolution
		HideSolutionNode = FALSE
	EndGlobalSection
	GlobalSection(ExtensibilityGlobals) = postSolution
		SolutionGuid = {0270C655-A855-48E7-99A3-219B8E343657}
	EndGlobalSection
EndGlobal
